
Microsoft Visual Studio Solution File, Format Version 12.00
# Visual Studio Version 17
VisualStudioVersion = 17.13.35825.156 d17.13
MinimumVisualStudioVersion = 10.0.40219.1
Project("{FAE04EC0-301F-11D3-BF4B-00C04F79EFBC}") = "Celestial.Api", "Celestial.Api\Celestial.Api.csproj", "{6BA55716-25D7-43D0-A2BB-7F2C77C09185}"
EndProject
Project("{FAE04EC0-301F-11D3-BF4B-00C04F79EFBC}") = "Celestial.Common", "Celestial.Common\Celestial.Common.csproj", "{B4D2D7A1-0F9F-4F9E-8F25-0D4694B1F9D1}"
EndProject
Project("{FAE04EC0-301F-11D3-BF4B-00C04F79EFBC}") = "Celestial.Data", "Celestial.Data\Celestial.Data.csproj", "{BD0393BC-37FE-4509-8947-F66BE9523600}"
EndProject
Project("{FAE04EC0-301F-11D3-BF4B-00C04F79EFBC}") = "Celestial.Entities", "Celestial.Entities\Celestial.Entities.csproj", "{F2CB0DA0-4D46-4B1B-A6BD-58C6375B0BB8}"
EndProject
Project("{FAE04EC0-301F-11D3-BF4B-00C04F79EFBC}") = "Celestial.Services", "Celestial.Services\Celestial.Services.csproj", "{B30E6C45-500C-4335-AA28-5D769716B915}"
EndProject
Project("{FAE04EC0-301F-11D3-BF4B-00C04F79EFBC}") = "WebFramework", "WebFramework\WebFramework.csproj", "{23F44786-AD60-418C-BEB3-09F222CFB8BB}"
EndProject
Global
	GlobalSection(SolutionConfigurationPlatforms) = preSolution
		Debug|Any CPU = Debug|Any CPU
		Release|Any CPU = Release|Any CPU
	EndGlobalSection
	GlobalSection(ProjectConfigurationPlatforms) = postSolution
		{6BA55716-25D7-43D0-A2BB-7F2C77C09185}.Debug|Any CPU.ActiveCfg = Debug|Any CPU
		{6BA55716-25D7-43D0-A2BB-7F2C77C09185}.Debug|Any CPU.Build.0 = Debug|Any CPU
		{6BA55716-25D7-43D0-A2BB-7F2C77C09185}.Release|Any CPU.ActiveCfg = Release|Any CPU
		{6BA55716-25D7-43D0-A2BB-7F2C77C09185}.Release|Any CPU.Build.0 = Release|Any CPU
		{B4D2D7A1-0F9F-4F9E-8F25-0D4694B1F9D1}.Debug|Any CPU.ActiveCfg = Debug|Any CPU
		{B4D2D7A1-0F9F-4F9E-8F25-0D4694B1F9D1}.Debug|Any CPU.Build.0 = Debug|Any CPU
		{B4D2D7A1-0F9F-4F9E-8F25-0D4694B1F9D1}.Release|Any CPU.ActiveCfg = Release|Any CPU
		{B4D2D7A1-0F9F-4F9E-8F25-0D4694B1F9D1}.Release|Any CPU.Build.0 = Release|Any CPU
		{BD0393BC-37FE-4509-8947-F66BE9523600}.Debug|Any CPU.ActiveCfg = Debug|Any CPU
		{BD0393BC-37FE-4509-8947-F66BE9523600}.Debug|Any CPU.Build.0 = Debug|Any CPU
		{BD0393BC-37FE-4509-8947-F66BE9523600}.Release|Any CPU.ActiveCfg = Release|Any CPU
		{BD0393BC-37FE-4509-8947-F66BE9523600}.Release|Any CPU.Build.0 = Release|Any CPU
		{F2CB0DA0-4D46-4B1B-A6BD-58C6375B0BB8}.Debug|Any CPU.ActiveCfg = Debug|Any CPU
		{F2CB0DA0-4D46-4B1B-A6BD-58C6375B0BB8}.Debug|Any CPU.Build.0 = Debug|Any CPU
		{F2CB0DA0-4D46-4B1B-A6BD-58C6375B0BB8}.Release|Any CPU.ActiveCfg = Release|Any CPU
		{F2CB0DA0-4D46-4B1B-A6BD-58C6375B0BB8}.Release|Any CPU.Build.0 = Release|Any CPU
		{B30E6C45-500C-4335-AA28-5D769716B915}.Debug|Any CPU.ActiveCfg = Debug|Any CPU
		{B30E6C45-500C-4335-AA28-5D769716B915}.Debug|Any CPU.Build.0 = Debug|Any CPU
		{B30E6C45-500C-4335-AA28-5D769716B915}.Release|Any CPU.ActiveCfg = Release|Any CPU
		{B30E6C45-500C-4335-AA28-5D769716B915}.Release|Any CPU.Build.0 = Release|Any CPU
		{23F44786-AD60-418C-BEB3-09F222CFB8BB}.Debug|Any CPU.ActiveCfg = Debug|Any CPU
		{23F44786-AD60-418C-BEB3-09F222CFB8BB}.Debug|Any CPU.Build.0 = Debug|Any CPU
		{23F44786-AD60-418C-BEB3-09F222CFB8BB}.Release|Any CPU.ActiveCfg = Release|Any CPU
		{23F44786-AD60-418C-BEB3-09F222CFB8BB}.Release|Any CPU.Build.0 = Release|Any CPU
	EndGlobalSection
	GlobalSection(SolutionProperties) = preSolution
		HideSolutionNode = FALSE
	EndGlobalSection
	GlobalSection(ExtensibilityGlobals) = postSolution
		SolutionGuid = {86B7B3C0-1FF6-4569-A199-F98B18C510F4}
	EndGlobalSection
EndGlobal
